
Microsoft Visual Studio Solution File, Format Version 12.00
# Visual Studio Version 17
VisualStudioVersion = 17.0.31903.59
MinimumVisualStudioVersion = 10.0.40607.1
Project("{2150E333-8FDC-42A3-9474-1A3956D46DE8}") = "src", "src", "{11111111-1111-1111-1111-111111111111}"
EndProject
Project("{2150E333-8FDC-42A3-9474-1A3956D46DE8}") = "tests", "tests", "{22222222-2222-2222-2222-222222222222}"
EndProject
Project("{2150E333-8FDC-42A3-9474-1A3956D46DE8}") = "benchmarks", "benchmarks", "{33333333-3333-3333-3333-333333333333}"
EndProject
Project("{2150E333-8FDC-42A3-9474-1A3956D46DE8}") = "samples", "samples", "{44444444-4444-4444-4444-444444444444}"
EndProject
Project("{FAE04EC0-301F-11D3-BF4B-00C04F79EFBC}") = "NeoReports.Abstractions", "src\NeoReports.Abstractions\NeoReports.Abstractions.csproj", "{7FFF164E-CCD7-448F-8E2A-F0D8F958065F}"
EndProject
Project("{FAE04EC0-301F-11D3-BF4B-00C04F79EFBC}") = "NeoReports.Core", "src\NeoReports.Core\NeoReports.Core.csproj", "{EB14C940-E3EA-41F3-9510-6CE73FABA41A}"
EndProject
Project("{FAE04EC0-301F-11D3-BF4B-00C04F79EFBC}") = "NeoReports.Core.UnitTests", "tests\NeoReports.Core.UnitTests\NeoReports.Core.UnitTests.csproj", "{D2208288-ACB6-477E-B8CF-C165A6F0155D}"
EndProject
Project("{FAE04EC0-301F-11D3-BF4B-00C04F79EFBC}") = "NeoReports.Formats.Csv", "src\Formats\NeoReports.Formats.Csv\NeoReports.Formats.Csv.csproj", "{B5B9EFDF-B5EF-495F-BEFF-0E347C322CB3}"
EndProject
Project("{FAE04EC0-301F-11D3-BF4B-00C04F79EFBC}") = "NeoReports.Destinations.Local", "src\Destinations\NeoReports.Destinations.Local\NeoReports.Destinations.Local.csproj", "{50356BA2-93DA-4F47-A6BA-647BE062DDA0}"
EndProject
Project("{FAE04EC0-301F-11D3-BF4B-00C04F79EFBC}") = "NeoReports.Sources.Sql", "src\Sources\NeoReports.Sources.Sql\NeoReports.Sources.Sql.csproj", "{AA185CCC-8741-4032-9C04-88F9DC37FF6B}"
EndProject
Project("{FAE04EC0-301F-11D3-BF4B-00C04F79EFBC}") = "01-sql-to-csv-local", "samples\01-sql-to-csv-local\01-sql-to-csv-local.csproj", "{C6A59A96-D7EA-4AD6-95AF-F9B6EA5A870D}"
EndProject
Project("{FAE04EC0-301F-11D3-BF4B-00C04F79EFBC}") = "NeoReports.Formats.Csv.UnitTests", "tests\NeoReports.Formats.Csv.UnitTests\NeoReports.Formats.Csv.UnitTests.csproj", "{2D69478A-68E9-4FBB-AEDE-40866829609F}"
EndProject
Project("{FAE04EC0-301F-11D3-BF4B-00C04F79EFBC}") = "NeoReports.Destinations.Local.UnitTests", "tests\NeoReports.Destinations.Local.UnitTests\NeoReports.Destinations.Local.UnitTests.csproj", "{D50FA946-1BA6-4793-8224-2FB629EF0AB5}"
EndProject
Project("{FAE04EC0-301F-11D3-BF4B-00C04F79EFBC}") = "NeoReports.Sources.Sql.IntegrationTests", "tests\NeoReports.Sources.Sql.IntegrationTests\NeoReports.Sources.Sql.IntegrationTests.csproj", "{EBCE7C5A-C4D5-45B2-962B-0DE16BE1C8EE}"
EndProject
Project("{FAE04EC0-301F-11D3-BF4B-00C04F79EFBC}") = "NeoReports.Formats.Xlsx", "src\Formats\NeoReports.Formats.Xlsx\NeoReports.Formats.Xlsx.csproj", "{F5E41535-F67C-444D-98CC-C1A1D9DD0ABB}"
EndProject
Project("{FAE04EC0-301F-11D3-BF4B-00C04F79EFBC}") = "NeoReports.Destinations.S3", "src\Destinations\NeoReports.Destinations.S3\NeoReports.Destinations.S3.csproj", "{66FF3152-38BF-4830-9534-3F77642E651B}"
EndProject
Project("{FAE04EC0-301F-11D3-BF4B-00C04F79EFBC}") = "NeoReports.Formats.Xlsx.UnitTests", "tests\NeoReports.Formats.Xlsx.UnitTests\NeoReports.Formats.Xlsx.UnitTests.csproj", "{A96127D0-8777-4B00-AB8A-B59BAC0B3342}"
EndProject
Project("{FAE04EC0-301F-11D3-BF4B-00C04F79EFBC}") = "NeoReports.Destinations.S3.UnitTests", "tests\NeoReports.Destinations.S3.UnitTests\NeoReports.Destinations.S3.UnitTests.csproj", "{5A33C69B-40A0-49AF-87F4-40B75D0D53A5}"
EndProject
Project("{FAE04EC0-301F-11D3-BF4B-00C04F79EFBC}") = "02-sql-to-xlsx-s3", "samples\02-sql-to-xlsx-s3\02-sql-to-xlsx-s3.csproj", "{34079216-845C-417E-8511-FDD3F075CDCD}"
EndProject
Global
	GlobalSection(SolutionConfigurationPlatforms) = preSolution
		Debug|Any CPU = Debug|Any CPU
		Debug|x64 = Debug|x64
		Debug|x86 = Debug|x86
		Release|Any CPU = Release|Any CPU
		Release|x64 = Release|x64
		Release|x86 = Release|x86
	EndGlobalSection
	GlobalSection(ProjectConfigurationPlatforms) = postSolution
		{7FFF164E-CCD7-448F-8E2A-F0D8F958065F}.Debug|Any CPU.ActiveCfg = Debug|Any CPU
		{7FFF164E-CCD7-448F-8E2A-F0D8F958065F}.Debug|Any CPU.Build.0 = Debug|Any CPU
		{7FFF164E-CCD7-448F-8E2A-F0D8F958065F}.Debug|x64.ActiveCfg = Debug|Any CPU
		{7FFF164E-CCD7-448F-8E2A-F0D8F958065F}.Debug|x64.Build.0 = Debug|Any CPU
		{7FFF164E-CCD7-448F-8E2A-F0D8F958065F}.Debug|x86.ActiveCfg = Debug|Any CPU
		{7FFF164E-CCD7-448F-8E2A-F0D8F958065F}.Debug|x86.Build.0 = Debug|Any CPU
		{7FFF164E-CCD7-448F-8E2A-F0D8F958065F}.Release|Any CPU.ActiveCfg = Release|Any CPU
		{7FFF164E-CCD7-448F-8E2A-F0D8F958065F}.Release|Any CPU.Build.0 = Release|Any CPU
		{7FFF164E-CCD7-448F-8E2A-F0D8F958065F}.Release|x64.ActiveCfg = Release|Any CPU
		{7FFF164E-CCD7-448F-8E2A-F0D8F958065F}.Release|x64.Build.0 = Release|Any CPU
		{7FFF164E-CCD7-448F-8E2A-F0D8F958065F}.Release|x86.ActiveCfg = Release|Any CPU
		{7FFF164E-CCD7-448F-8E2A-F0D8F958065F}.Release|x86.Build.0 = Release|Any CPU
		{EB14C940-E3EA-41F3-9510-6CE73FABA41A}.Debug|Any CPU.ActiveCfg = Debug|Any CPU
		{EB14C940-E3EA-41F3-9510-6CE73FABA41A}.Debug|Any CPU.Build.0 = Debug|Any CPU
		{EB14C940-E3EA-41F3-9510-6CE73FABA41A}.Debug|x64.ActiveCfg = Debug|Any CPU
		{EB14C940-E3EA-41F3-9510-6CE73FABA41A}.Debug|x64.Build.0 = Debug|Any CPU
		{EB14C940-E3EA-41F3-9510-6CE73FABA41A}.Debug|x86.ActiveCfg = Debug|Any CPU
		{EB14C940-E3EA-41F3-9510-6CE73FABA41A}.Debug|x86.Build.0 = Debug|Any CPU
		{EB14C940-E3EA-41F3-9510-6CE73FABA41A}.Release|Any CPU.ActiveCfg = Release|Any CPU
		{EB14C940-E3EA-41F3-9510-6CE73FABA41A}.Release|Any CPU.Build.0 = Release|Any CPU
		{EB14C940-E3EA-41F3-9510-6CE73FABA41A}.Release|x64.ActiveCfg = Release|Any CPU
		{EB14C940-E3EA-41F3-9510-6CE73FABA41A}.Release|x64.Build.0 = Release|Any CPU
		{EB14C940-E3EA-41F3-9510-6CE73FABA41A}.Release|x86.ActiveCfg = Release|Any CPU
		{EB14C940-E3EA-41F3-9510-6CE73FABA41A}.Release|x86.Build.0 = Release|Any CPU
		{D2208288-ACB6-477E-B8CF-C165A6F0155D}.Debug|Any CPU.ActiveCfg = Debug|Any CPU
		{D2208288-ACB6-477E-B8CF-C165A6F0155D}.Debug|Any CPU.Build.0 = Debug|Any CPU
		{D2208288-ACB6-477E-B8CF-C165A6F0155D}.Debug|x64.ActiveCfg = Debug|Any CPU
		{D2208288-ACB6-477E-B8CF-C165A6F0155D}.Debug|x64.Build.0 = Debug|Any CPU
		{D2208288-ACB6-477E-B8CF-C165A6F0155D}.Debug|x86.ActiveCfg = Debug|Any CPU
		{D2208288-ACB6-477E-B8CF-C165A6F0155D}.Debug|x86.Build.0 = Debug|Any CPU
		{D2208288-ACB6-477E-B8CF-C165A6F0155D}.Release|Any CPU.ActiveCfg = Release|Any CPU
		{D2208288-ACB6-477E-B8CF-C165A6F0155D}.Release|Any CPU.Build.0 = Release|Any CPU
		{D2208288-ACB6-477E-B8CF-C165A6F0155D}.Release|x64.ActiveCfg = Release|Any CPU
		{D2208288-ACB6-477E-B8CF-C165A6F0155D}.Release|x64.Build.0 = Release|Any CPU
		{D2208288-ACB6-477E-B8CF-C165A6F0155D}.Release|x86.ActiveCfg = Release|Any CPU
		{D2208288-ACB6-477E-B8CF-C165A6F0155D}.Release|x86.Build.0 = Release|Any CPU
		{B5B9EFDF-B5EF-495F-BEFF-0E347C322CB3}.Debug|Any CPU.ActiveCfg = Debug|Any CPU
		{B5B9EFDF-B5EF-495F-BEFF-0E347C322CB3}.Debug|Any CPU.Build.0 = Debug|Any CPU
		{B5B9EFDF-B5EF-495F-BEFF-0E347C322CB3}.Debug|x64.ActiveCfg = Debug|Any CPU
		{B5B9EFDF-B5EF-495F-BEFF-0E347C322CB3}.Debug|x64.Build.0 = Debug|Any CPU
		{B5B9EFDF-B5EF-495F-BEFF-0E347C322CB3}.Debug|x86.ActiveCfg = Debug|Any CPU
		{B5B9EFDF-B5EF-495F-BEFF-0E347C322CB3}.Debug|x86.Build.0 = Debug|Any CPU
		{B5B9EFDF-B5EF-495F-BEFF-0E347C322CB3}.Release|Any CPU.ActiveCfg = Release|Any CPU
		{B5B9EFDF-B5EF-495F-BEFF-0E347C322CB3}.Release|Any CPU.Build.0 = Release|Any CPU
		{B5B9EFDF-B5EF-495F-BEFF-0E347C322CB3}.Release|x64.ActiveCfg = Release|Any CPU
		{B5B9EFDF-B5EF-495F-BEFF-0E347C322CB3}.Release|x64.Build.0 = Release|Any CPU
		{B5B9EFDF-B5EF-495F-BEFF-0E347C322CB3}.Release|x86.ActiveCfg = Release|Any CPU
		{B5B9EFDF-B5EF-495F-BEFF-0E347C322CB3}.Release|x86.Build.0 = Release|Any CPU
		{50356BA2-93DA-4F47-A6BA-647BE062DDA0}.Debug|Any CPU.ActiveCfg = Debug|Any CPU
		{50356BA2-93DA-4F47-A6BA-647BE062DDA0}.Debug|Any CPU.Build.0 = Debug|Any CPU
		{50356BA2-93DA-4F47-A6BA-647BE062DDA0}.Debug|x64.ActiveCfg = Debug|Any CPU
		{50356BA2-93DA-4F47-A6BA-647BE062DDA0}.Debug|x64.Build.0 = Debug|Any CPU
		{50356BA2-93DA-4F47-A6BA-647BE062DDA0}.Debug|x86.ActiveCfg = Debug|Any CPU
		{50356BA2-93DA-4F47-A6BA-647BE062DDA0}.Debug|x86.Build.0 = Debug|Any CPU
		{50356BA2-93DA-4F47-A6BA-647BE062DDA0}.Release|Any CPU.ActiveCfg = Release|Any CPU
		{50356BA2-93DA-4F47-A6BA-647BE062DDA0}.Release|Any CPU.Build.0 = Release|Any CPU
		{50356BA2-93DA-4F47-A6BA-647BE062DDA0}.Release|x64.ActiveCfg = Release|Any CPU
		{50356BA2-93DA-4F47-A6BA-647BE062DDA0}.Release|x64.Build.0 = Release|Any CPU
		{50356BA2-93DA-4F47-A6BA-647BE062DDA0}.Release|x86.ActiveCfg = Release|Any CPU
		{50356BA2-93DA-4F47-A6BA-647BE062DDA0}.Release|x86.Build.0 = Release|Any CPU
		{AA185CCC-8741-4032-9C04-88F9DC37FF6B}.Debug|Any CPU.ActiveCfg = Debug|Any CPU
		{AA185CCC-8741-4032-9C04-88F9DC37FF6B}.Debug|Any CPU.Build.0 = Debug|Any CPU
		{AA185CCC-8741-4032-9C04-88F9DC37FF6B}.Debug|x64.ActiveCfg = Debug|Any CPU
		{AA185CCC-8741-4032-9C04-88F9DC37FF6B}.Debug|x64.Build.0 = Debug|Any CPU
		{AA185CCC-8741-4032-9C04-88F9DC37FF6B}.Debug|x86.ActiveCfg = Debug|Any CPU
		{AA185CCC-8741-4032-9C04-88F9DC37FF6B}.Debug|x86.Build.0 = Debug|Any CPU
		{AA185CCC-8741-4032-9C04-88F9DC37FF6B}.Release|Any CPU.ActiveCfg = Release|Any CPU
		{AA185CCC-8741-4032-9C04-88F9DC37FF6B}.Release|Any CPU.Build.0 = Release|Any CPU
		{AA185CCC-8741-4032-9C04-88F9DC37FF6B}.Release|x64.ActiveCfg = Release|Any CPU
		{AA185CCC-8741-4032-9C04-88F9DC37FF6B}.Release|x64.Build.0 = Release|Any CPU
		{AA185CCC-8741-4032-9C04-88F9DC37FF6B}.Release|x86.ActiveCfg = Release|Any CPU
		{AA185CCC-8741-4032-9C04-88F9DC37FF6B}.Release|x86.Build.0 = Release|Any CPU
		{C6A59A96-D7EA-4AD6-95AF-F9B6EA5A870D}.Debug|Any CPU.ActiveCfg = Debug|Any CPU
		{C6A59A96-D7EA-4AD6-95AF-F9B6EA5A870D}.Debug|Any CPU.Build.0 = Debug|Any CPU
		{C6A59A96-D7EA-4AD6-95AF-F9B6EA5A870D}.Debug|x64.ActiveCfg = Debug|Any CPU
		{C6A59A96-D7EA-4AD6-95AF-F9B6EA5A870D}.Debug|x64.Build.0 = Debug|Any CPU
		{C6A59A96-D7EA-4AD6-95AF-F9B6EA5A870D}.Debug|x86.ActiveCfg = Debug|Any CPU
		{C6A59A96-D7EA-4AD6-95AF-F9B6EA5A870D}.Debug|x86.Build.0 = Debug|Any CPU
		{C6A59A96-D7EA-4AD6-95AF-F9B6EA5A870D}.Release|Any CPU.ActiveCfg = Release|Any CPU
		{C6A59A96-D7EA-4AD6-95AF-F9B6EA5A870D}.Release|Any CPU.Build.0 = Release|Any CPU
		{C6A59A96-D7EA-4AD6-95AF-F9B6EA5A870D}.Release|x64.ActiveCfg = Release|Any CPU
		{C6A59A96-D7EA-4AD6-95AF-F9B6EA5A870D}.Release|x64.Build.0 = Release|Any CPU
		{C6A59A96-D7EA-4AD6-95AF-F9B6EA5A870D}.Release|x86.ActiveCfg = Release|Any CPU
		{C6A59A96-D7EA-4AD6-95AF-F9B6EA5A870D}.Release|x86.Build.0 = Release|Any CPU
		{2D69478A-68E9-4FBB-AEDE-40866829609F}.Debug|Any CPU.ActiveCfg = Debug|Any CPU
		{2D69478A-68E9-4FBB-AEDE-40866829609F}.Debug|Any CPU.Build.0 = Debug|Any CPU
		{2D69478A-68E9-4FBB-AEDE-40866829609F}.Debug|x64.ActiveCfg = Debug|Any CPU
		{2D69478A-68E9-4FBB-AEDE-40866829609F}.Debug|x64.Build.0 = Debug|Any CPU
		{2D69478A-68E9-4FBB-AEDE-40866829609F}.Debug|x86.ActiveCfg = Debug|Any CPU
		{2D69478A-68E9-4FBB-AEDE-40866829609F}.Debug|x86.Build.0 = Debug|Any CPU
		{2D69478A-68E9-4FBB-AEDE-40866829609F}.Release|Any CPU.ActiveCfg = Release|Any CPU
		{2D69478A-68E9-4FBB-AEDE-40866829609F}.Release|Any CPU.Build.0 = Release|Any CPU
		{2D69478A-68E9-4FBB-AEDE-40866829609F}.Release|x64.ActiveCfg = Release|Any CPU
		{2D69478A-68E9-4FBB-AEDE-40866829609F}.Release|x64.Build.0 = Release|Any CPU
		{2D69478A-68E9-4FBB-AEDE-40866829609F}.Release|x86.ActiveCfg = Release|Any CPU
		{2D69478A-68E9-4FBB-AEDE-40866829609F}.Release|x86.Build.0 = Release|Any CPU
		{D50FA946-1BA6-4793-8224-2FB629EF0AB5}.Debug|Any CPU.ActiveCfg = Debug|Any CPU
		{D50FA946-1BA6-4793-8224-2FB629EF0AB5}.Debug|Any CPU.Build.0 = Debug|Any CPU
		{D50FA946-1BA6-4793-8224-2FB629EF0AB5}.Debug|x64.ActiveCfg = Debug|Any CPU
		{D50FA946-1BA6-4793-8224-2FB629EF0AB5}.Debug|x64.Build.0 = Debug|Any CPU
		{D50FA946-1BA6-4793-8224-2FB629EF0AB5}.Debug|x86.ActiveCfg = Debug|Any CPU
		{D50FA946-1BA6-4793-8224-2FB629EF0AB5}.Debug|x86.Build.0 = Debug|Any CPU
		{D50FA946-1BA6-4793-8224-2FB629EF0AB5}.Release|Any CPU.ActiveCfg = Release|Any CPU
		{D50FA946-1BA6-4793-8224-2FB629EF0AB5}.Release|Any CPU.Build.0 = Release|Any CPU
		{D50FA946-1BA6-4793-8224-2FB629EF0AB5}.Release|x64.ActiveCfg = Release|Any CPU
		{D50FA946-1BA6-4793-8224-2FB629EF0AB5}.Release|x64.Build.0 = Release|Any CPU
		{D50FA946-1BA6-4793-8224-2FB629EF0AB5}.Release|x86.ActiveCfg = Release|Any CPU
		{D50FA946-1BA6-4793-8224-2FB629EF0AB5}.Release|x86.Build.0 = Release|Any CPU
		{EBCE7C5A-C4D5-45B2-962B-0DE16BE1C8EE}.Debug|Any CPU.ActiveCfg = Debug|Any CPU
		{EBCE7C5A-C4D5-45B2-962B-0DE16BE1C8EE}.Debug|Any CPU.Build.0 = Debug|Any CPU
		{EBCE7C5A-C4D5-45B2-962B-0DE16BE1C8EE}.Debug|x64.ActiveCfg = Debug|Any CPU
		{EBCE7C5A-C4D5-45B2-962B-0DE16BE1C8EE}.Debug|x64.Build.0 = Debug|Any CPU
		{EBCE7C5A-C4D5-45B2-962B-0DE16BE1C8EE}.Debug|x86.ActiveCfg = Debug|Any CPU
		{EBCE7C5A-C4D5-45B2-962B-0DE16BE1C8EE}.Debug|x86.Build.0 = Debug|Any CPU
		{EBCE7C5A-C4D5-45B2-962B-0DE16BE1C8EE}.Release|Any CPU.ActiveCfg = Release|Any CPU
		{EBCE7C5A-C4D5-45B2-962B-0DE16BE1C8EE}.Release|Any CPU.Build.0 = Release|Any CPU
		{EBCE7C5A-C4D5-45B2-962B-0DE16BE1C8EE}.Release|x64.ActiveCfg = Release|Any CPU
		{EBCE7C5A-C4D5-45B2-962B-0DE16BE1C8EE}.Release|x64.Build.0 = Release|Any CPU
		{EBCE7C5A-C4D5-45B2-962B-0DE16BE1C8EE}.Release|x86.ActiveCfg = Release|Any CPU
		{EBCE7C5A-C4D5-45B2-962B-0DE16BE1C8EE}.Release|x86.Build.0 = Release|Any CPU
		{F5E41535-F67C-444D-98CC-C1A1D9DD0ABB}.Debug|Any CPU.ActiveCfg = Debug|Any CPU
		{F5E41535-F67C-444D-98CC-C1A1D9DD0ABB}.Debug|Any CPU.Build.0 = Debug|Any CPU
		{F5E41535-F67C-444D-98CC-C1A1D9DD0ABB}.Debug|x64.ActiveCfg = Debug|Any CPU
		{F5E41535-F67C-444D-98CC-C1A1D9DD0ABB}.Debug|x64.Build.0 = Debug|Any CPU
		{F5E41535-F67C-444D-98CC-C1A1D9DD0ABB}.Debug|x86.ActiveCfg = Debug|Any CPU
		{F5E41535-F67C-444D-98CC-C1A1D9DD0ABB}.Debug|x86.Build.0 = Debug|Any CPU
		{F5E41535-F67C-444D-98CC-C1A1D9DD0ABB}.Release|Any CPU.ActiveCfg = Release|Any CPU
		{F5E41535-F67C-444D-98CC-C1A1D9DD0ABB}.Release|Any CPU.Build.0 = Release|Any CPU
		{F5E41535-F67C-444D-98CC-C1A1D9DD0ABB}.Release|x64.ActiveCfg = Release|Any CPU
		{F5E41535-F67C-444D-98CC-C1A1D9DD0ABB}.Release|x64.Build.0 = Release|Any CPU
		{F5E41535-F67C-444D-98CC-C1A1D9DD0ABB}.Release|x86.ActiveCfg = Release|Any CPU
		{F5E41535-F67C-444D-98CC-C1A1D9DD0ABB}.Release|x86.Build.0 = Release|Any CPU
		{66FF3152-38BF-4830-9534-3F77642E651B}.Debug|Any CPU.ActiveCfg = Debug|Any CPU
		{66FF3152-38BF-4830-9534-3F77642E651B}.Debug|Any CPU.Build.0 = Debug|Any CPU
		{66FF3152-38BF-4830-9534-3F77642E651B}.Debug|x64.ActiveCfg = Debug|Any CPU
		{66FF3152-38BF-4830-9534-3F77642E651B}.Debug|x64.Build.0 = Debug|Any CPU
		{66FF3152-38BF-4830-9534-3F77642E651B}.Debug|x86.ActiveCfg = Debug|Any CPU
		{66FF3152-38BF-4830-9534-3F77642E651B}.Debug|x86.Build.0 = Debug|Any CPU
		{66FF3152-38BF-4830-9534-3F77642E651B}.Release|Any CPU.ActiveCfg = Release|Any CPU
		{66FF3152-38BF-4830-9534-3F77642E651B}.Release|Any CPU.Build.0 = Release|Any CPU
		{66FF3152-38BF-4830-9534-3F77642E651B}.Release|x64.ActiveCfg = Release|Any CPU
		{66FF3152-38BF-4830-9534-3F77642E651B}.Release|x64.Build.0 = Release|Any CPU
		{66FF3152-38BF-4830-9534-3F77642E651B}.Release|x86.ActiveCfg = Release|Any CPU
		{66FF3152-38BF-4830-9534-3F77642E651B}.Release|x86.Build.0 = Release|Any CPU
		{A96127D0-8777-4B00-AB8A-B59BAC0B3342}.Debug|Any CPU.ActiveCfg = Debug|Any CPU
		{A96127D0-8777-4B00-AB8A-B59BAC0B3342}.Debug|Any CPU.Build.0 = Debug|Any CPU
		{A96127D0-8777-4B00-AB8A-B59BAC0B3342}.Debug|x64.ActiveCfg = Debug|Any CPU
		{A96127D0-8777-4B00-AB8A-B59BAC0B3342}.Debug|x64.Build.0 = Debug|Any CPU
		{A96127D0-8777-4B00-AB8A-B59BAC0B3342}.Debug|x86.ActiveCfg = Debug|Any CPU
		{A96127D0-8777-4B00-AB8A-B59BAC0B3342}.Debug|x86.Build.0 = Debug|Any CPU
		{A96127D0-8777-4B00-AB8A-B59BAC0B3342}.Release|Any CPU.ActiveCfg = Release|Any CPU
		{A96127D0-8777-4B00-AB8A-B59BAC0B3342}.Release|Any CPU.Build.0 = Release|Any CPU
		{A96127D0-8777-4B00-AB8A-B59BAC0B3342}.Release|x64.ActiveCfg = Release|Any CPU
		{A96127D0-8777-4B00-AB8A-B59BAC0B3342}.Release|x64.Build.0 = Release|Any CPU
		{A96127D0-8777-4B00-AB8A-B59BAC0B3342}.Release|x86.ActiveCfg = Release|Any CPU
		{A96127D0-8777-4B00-AB8A-B59BAC0B3342}.Release|x86.Build.0 = Release|Any CPU
		{5A33C69B-40A0-49AF-87F4-40B75D0D53A5}.Debug|Any CPU.ActiveCfg = Debug|Any CPU
		{5A33C69B-40A0-49AF-87F4-40B75D0D53A5}.Debug|Any CPU.Build.0 = Debug|Any CPU
		{5A33C69B-40A0-49AF-87F4-40B75D0D53A5}.Debug|x64.ActiveCfg = Debug|Any CPU
		{5A33C69B-40A0-49AF-87F4-40B75D0D53A5}.Debug|x64.Build.0 = Debug|Any CPU
		{5A33C69B-40A0-49AF-87F4-40B75D0D53A5}.Debug|x86.ActiveCfg = Debug|Any CPU
		{5A33C69B-40A0-49AF-87F4-40B75D0D53A5}.Debug|x86.Build.0 = Debug|Any CPU
		{5A33C69B-40A0-49AF-87F4-40B75D0D53A5}.Release|Any CPU.ActiveCfg = Release|Any CPU
		{5A33C69B-40A0-49AF-87F4-40B75D0D53A5}.Release|Any CPU.Build.0 = Release|Any CPU
		{5A33C69B-40A0-49AF-87F4-40B75D0D53A5}.Release|x64.ActiveCfg = Release|Any CPU
		{5A33C69B-40A0-49AF-87F4-40B75D0D53A5}.Release|x64.Build.0 = Release|Any CPU
		{5A33C69B-40A0-49AF-87F4-40B75D0D53A5}.Release|x86.ActiveCfg = Release|Any CPU
		{5A33C69B-40A0-49AF-87F4-40B75D0D53A5}.Release|x86.Build.0 = Release|Any CPU
		{34079216-845C-417E-8511-FDD3F075CDCD}.Debug|Any CPU.ActiveCfg = Debug|Any CPU
		{34079216-845C-417E-8511-FDD3F075CDCD}.Debug|Any CPU.Build.0 = Debug|Any CPU
		{34079216-845C-417E-8511-FDD3F075CDCD}.Debug|x64.ActiveCfg = Debug|Any CPU
		{34079216-845C-417E-8511-FDD3F075CDCD}.Debug|x64.Build.0 = Debug|Any CPU
		{34079216-845C-417E-8511-FDD3F075CDCD}.Debug|x86.ActiveCfg = Debug|Any CPU
		{34079216-845C-417E-8511-FDD3F075CDCD}.Debug|x86.Build.0 = Debug|Any CPU
		{34079216-845C-417E-8511-FDD3F075CDCD}.Release|Any CPU.ActiveCfg = Release|Any CPU
		{34079216-845C-417E-8511-FDD3F075CDCD}.Release|Any CPU.Build.0 = Release|Any CPU
		{34079216-845C-417E-8511-FDD3F075CDCD}.Release|x64.ActiveCfg = Release|Any CPU
		{34079216-845C-417E-8511-FDD3F075CDCD}.Release|x64.Build.0 = Release|Any CPU
		{34079216-845C-417E-8511-FDD3F075CDCD}.Release|x86.ActiveCfg = Release|Any CPU
		{34079216-845C-417E-8511-FDD3F075CDCD}.Release|x86.Build.0 = Release|Any CPU
	EndGlobalSection
	GlobalSection(SolutionProperties) = preSolution
		HideSolutionNode = FALSE
	EndGlobalSection
	GlobalSection(NestedProjects) = preSolution
		{7FFF164E-CCD7-448F-8E2A-F0D8F958065F} = {11111111-1111-1111-1111-111111111111}
		{EB14C940-E3EA-41F3-9510-6CE73FABA41A} = {11111111-1111-1111-1111-111111111111}
		{D2208288-ACB6-477E-B8CF-C165A6F0155D} = {22222222-2222-2222-2222-222222222222}
		{B5B9EFDF-B5EF-495F-BEFF-0E347C322CB3} = {11111111-1111-1111-1111-111111111111}
		{50356BA2-93DA-4F47-A6BA-647BE062DDA0} = {11111111-1111-1111-1111-111111111111}
		{AA185CCC-8741-4032-9C04-88F9DC37FF6B} = {11111111-1111-1111-1111-111111111111}
		{C6A59A96-D7EA-4AD6-95AF-F9B6EA5A870D} = {44444444-4444-4444-4444-444444444444}
		{2D69478A-68E9-4FBB-AEDE-40866829609F} = {22222222-2222-2222-2222-222222222222}
		{D50FA946-1BA6-4793-8224-2FB629EF0AB5} = {22222222-2222-2222-2222-222222222222}
		{EBCE7C5A-C4D5-45B2-962B-0DE16BE1C8EE} = {22222222-2222-2222-2222-222222222222}
		{F5E41535-F67C-444D-98CC-C1A1D9DD0ABB} = {11111111-1111-1111-1111-111111111111}
		{66FF3152-38BF-4830-9534-3F77642E651B} = {11111111-1111-1111-1111-111111111111}
		{A96127D0-8777-4B00-AB8A-B59BAC0B3342} = {22222222-2222-2222-2222-222222222222}
		{5A33C69B-40A0-49AF-87F4-40B75D0D53A5} = {22222222-2222-2222-2222-222222222222}
		{34079216-845C-417E-8511-FDD3F075CDCD} = {44444444-4444-4444-4444-444444444444}
	EndGlobalSection
EndGlobal
